{
  "name": "my-nestjs-app",
  "version": "1.0.0",
  "lockfileVersion": 3,
  "requires": true,
  "packages": {
    "": {
      "name": "my-nestjs-app",
      "version": "1.0.0",
      "license": "ISC",
      "dependencies": {
        "foo": "^1.0.0"
      }
    },
    "node_modules/foo": {
      "version": "1.0.0",
      "resolved": "https://registry.npmjs.org/foo/-/foo-1.0.0.tgz",
      "integrity": "sha512-URO90jLnKPqX+P7OLnJkiIQfMX4I6gEdGZ1T84drQLtRPw6uNKYLZfB6K3hjWIrj0VZB1kh2cTFdeq01i6XIYQ==",
      "engines": {
        "node": ">= v0.2"
      }
    }
  }
}
